
Microsoft Visual Studio Solution File, Format Version 12.00
# Visual Studio Version 17
VisualStudioVersion = 17.14.36408.4 d17.14
MinimumVisualStudioVersion = 10.0.40219.1
Project("{FAE04EC0-301F-11D3-BF4B-00C04F79EFBC}") = "MauiAppMinhasCompras", "MauiAppMinhasCompras\MauiAppMinhasCompras.csproj", "{16CD0427-97DB-4B99-BFB3-1EDA553473DF}"
EndProject
Global
	GlobalSection(SolutionConfigurationPlatforms) = preSolution
		Debug|Any CPU = Debug|Any CPU
		Release|Any CPU = Release|Any CPU
	EndGlobalSection
	GlobalSection(ProjectConfigurationPlatforms) = postSolution
		{16CD0427-97DB-4B99-BFB3-1EDA553473DF}.Debug|Any CPU.ActiveCfg = Debug|Any CPU
		{16CD0427-97DB-4B99-BFB3-1EDA553473DF}.Debug|Any CPU.Build.0 = Debug|Any CPU
		{16CD0427-97DB-4B99-BFB3-1EDA553473DF}.Debug|Any CPU.Deploy.0 = Debug|Any CPU
		{16CD0427-97DB-4B99-BFB3-1EDA553473DF}.Release|Any CPU.ActiveCfg = Release|Any CPU
		{16CD0427-97DB-4B99-BFB3-1EDA553473DF}.Release|Any CPU.Build.0 = Release|Any CPU
		{16CD0427-97DB-4B99-BFB3-1EDA553473DF}.Release|Any CPU.Deploy.0 = Release|Any CPU
	EndGlobalSection
	GlobalSection(SolutionProperties) = preSolution
		HideSolutionNode = FALSE
	EndGlobalSection
	GlobalSection(ExtensibilityGlobals) = postSolution
		SolutionGuid = {2CB7957A-0244-4E42-B321-C81EC8CA5FAD}
	EndGlobalSection
EndGlobal
